
Microsoft Visual Studio Solution File, Format Version 12.00
# Visual Studio Version 17
VisualStudioVersion = 17.14.37216.2 d17.14
MinimumVisualStudioVersion = 10.0.40219.1
Project("{FAE04EC0-301F-11D3-BF4B-00C04F79EFBC}") = "Sacco.Api", "Sacco.Api\Sacco.Api.csproj", "{522A8D73-5013-4123-A4E6-7AC853E15CDD}"
EndProject
Project("{FAE04EC0-301F-11D3-BF4B-00C04F79EFBC}") = "Sacco.Domain", "Sacco.Domain\Sacco.Domain.csproj", "{DFCAD590-AE05-4BBA-BE36-4FBBE7D394DC}"
EndProject
Project("{FAE04EC0-301F-11D3-BF4B-00C04F79EFBC}") = "Sacco.Application", "Sacco.Application\Sacco.Application.csproj", "{32DB4BB5-9C6F-4119-ADB8-3BE2D3878398}"
EndProject
Project("{FAE04EC0-301F-11D3-BF4B-00C04F79EFBC}") = "Sacco.Infrastracture", "Sacco.Infrastracture\Sacco.Infrastracture.csproj", "{7BB65AE2-2229-4D53-9E79-D5FBB3CD5B41}"
EndProject
Global
	GlobalSection(SolutionConfigurationPlatforms) = preSolution
		Debug|Any CPU = Debug|Any CPU
		Release|Any CPU = Release|Any CPU
	EndGlobalSection
	GlobalSection(ProjectConfigurationPlatforms) = postSolution
		{522A8D73-5013-4123-A4E6-7AC853E15CDD}.Debug|Any CPU.ActiveCfg = Debug|Any CPU
		{522A8D73-5013-4123-A4E6-7AC853E15CDD}.Debug|Any CPU.Build.0 = Debug|Any CPU
		{522A8D73-5013-4123-A4E6-7AC853E15CDD}.Release|Any CPU.ActiveCfg = Release|Any CPU
		{522A8D73-5013-4123-A4E6-7AC853E15CDD}.Release|Any CPU.Build.0 = Release|Any CPU
		{DFCAD590-AE05-4BBA-BE36-4FBBE7D394DC}.Debug|Any CPU.ActiveCfg = Debug|Any CPU
		{DFCAD590-AE05-4BBA-BE36-4FBBE7D394DC}.Debug|Any CPU.Build.0 = Debug|Any CPU
		{DFCAD590-AE05-4BBA-BE36-4FBBE7D394DC}.Release|Any CPU.ActiveCfg = Release|Any CPU
		{DFCAD590-AE05-4BBA-BE36-4FBBE7D394DC}.Release|Any CPU.Build.0 = Release|Any CPU
		{32DB4BB5-9C6F-4119-ADB8-3BE2D3878398}.Debug|Any CPU.ActiveCfg = Debug|Any CPU
		{32DB4BB5-9C6F-4119-ADB8-3BE2D3878398}.Debug|Any CPU.Build.0 = Debug|Any CPU
		{32DB4BB5-9C6F-4119-ADB8-3BE2D3878398}.Release|Any CPU.ActiveCfg = Release|Any CPU
		{32DB4BB5-9C6F-4119-ADB8-3BE2D3878398}.Release|Any CPU.Build.0 = Release|Any CPU
		{7BB65AE2-2229-4D53-9E79-D5FBB3CD5B41}.Debug|Any CPU.ActiveCfg = Debug|Any CPU
		{7BB65AE2-2229-4D53-9E79-D5FBB3CD5B41}.Debug|Any CPU.Build.0 = Debug|Any CPU
		{7BB65AE2-2229-4D53-9E79-D5FBB3CD5B41}.Release|Any CPU.ActiveCfg = Release|Any CPU
		{7BB65AE2-2229-4D53-9E79-D5FBB3CD5B41}.Release|Any CPU.Build.0 = Release|Any CPU
	EndGlobalSection
	GlobalSection(SolutionProperties) = preSolution
		HideSolutionNode = FALSE
	EndGlobalSection
	GlobalSection(ExtensibilityGlobals) = postSolution
		SolutionGuid = {F9537CEB-2F96-434B-8CF2-6E8923B5B861}
	EndGlobalSection
EndGlobal
